<Solution>
  <Folder Name="/doc/">
    <File Path="docs/async-io-pass-plan.md" />
    <File Path="docs/loadsim-soak.md" />
    <File Path="docs/multi-user-100-plan.md" />
    <File Path="docs/perf-findings-2026-07.md" />
    <File Path="docs/public-community-plan.md" />
    <File Path="docs/supported-models.md" />
  </Folder>
  <Project Path="PageToMovie.Api/PageToMovie.Api.csproj" />
  <Project Path="PageToMovie.Components/PageToMovie.Components.csproj" />
  <Project Path="PageToMovie.Core/PageToMovie.Core.csproj" />
  <Project Path="PageToMovie.Adaptation/PageToMovie.Adaptation.csproj" />
  <Project Path="PageToMovie.Fountain/PageToMovie.Fountain.csproj" />
  <Project Path="PageToMovie.Engine/PageToMovie.Engine.csproj" />
  <Project Path="PageToMovie.Fakes/PageToMovie.Fakes.csproj" />
  <Project Path="PageToMovie.LoadSim/PageToMovie.LoadSim.csproj" />
  <Project Path="PageToMovie.Tests/PageToMovie.Tests.csproj" />
  <Project Path="PageToMovie.UiTests/PageToMovie.UiTests.csproj" />
  <Project Path="PageToMovie.Web/PageToMovie.Web.csproj" />
  <Project Path="tools/ClassifierBenchmarks/ClassifierBenchmarks.csproj" />
  <Project Path="tools/ScreenplayBenchmark/ScreenplayBenchmark.csproj" />
  <Project Path="tools/ScreenplayEditorApp/ScreenplayEditorApp.csproj" />
  <Project Path="tools/ScreenplayEditorApp/ScreenplayEditorApp.Tests/ScreenplayEditorApp.Tests.csproj" />
</Solution>
